# This file is automatically @generated by Cargo.
# It is not intended for manual editing.
version = 4

[[package]]
name = "miniepub"
version = "0.1.1"
dependencies = [
 "noflate",
 "rawzip",
 "xml",
]

[[package]]
name = "noflate"
version = "0.1.2"
source = "registry+https://github.com/rust-lang/crates.io-index"
checksum = "d6b0599575371f62017cd59e763b931923f3fb62ec59fa9c80f0ffa328a6ff6e"

[[package]]
name = "rawzip"
version = "0.5.1"
source = "registry+https://github.com/rust-lang/crates.io-index"
checksum = "75a2b2577f5fd7e26caabd4aa7bba1ef18653ff32204eea251c1136db1a549f3"

[[package]]
name = "xml"
version = "1.4.0"
source = "registry+https://github.com/rust-lang/crates.io-index"
checksum = "2f45bb2c13fec6a6cb4c0f76a7e94839e110a14ec803ec2940777a94c347bc52"
